
Microsoft Visual Studio Solution File, Format Version 12.00
# Visual Studio Version 16
VisualStudioVersion = 16.0.29709.97
MinimumVisualStudioVersion = 10.0.40219.1
Project("{FAE04EC0-301F-11D3-BF4B-00C04F79EFBC}") = "EVENTOS", "EVENTOS\EVENTOS.csproj", "{385FE7D0-FCF1-4DCB-92F8-F7F42EF275DE}"
EndProject
Global
	GlobalSection(SolutionConfigurationPlatforms) = preSolution
		Debug|Any CPU = Debug|Any CPU
		Release|Any CPU = Release|Any CPU
	EndGlobalSection
	GlobalSection(ProjectConfigurationPlatforms) = postSolution
		{385FE7D0-FCF1-4DCB-92F8-F7F42EF275DE}.Debug|Any CPU.ActiveCfg = Debug|Any CPU
		{385FE7D0-FCF1-4DCB-92F8-F7F42EF275DE}.Debug|Any CPU.Build.0 = Debug|Any CPU
		{385FE7D0-FCF1-4DCB-92F8-F7F42EF275DE}.Release|Any CPU.ActiveCfg = Release|Any CPU
		{385FE7D0-FCF1-4DCB-92F8-F7F42EF275DE}.Release|Any CPU.Build.0 = Release|Any CPU
	EndGlobalSection
	GlobalSection(SolutionProperties) = preSolution
		HideSolutionNode = FALSE
	EndGlobalSection
	GlobalSection(ExtensibilityGlobals) = postSolution
		SolutionGuid = {E3D774B6-969A-4DD9-87A8-1DA40A73B3AC}
	EndGlobalSection
EndGlobal
